
Microsoft Visual Studio Solution File, Format Version 12.00
# Visual Studio Version 17
VisualStudioVersion = 17.3.32901.215
MinimumVisualStudioVersion = 10.0.40219.1
Project("{FAE04EC0-301F-11D3-BF4B-00C04F79EFBC}") = "api_itexpert_task1", "api_itexpert_task1\api_itexpert_task1.csproj", "{7CFF6501-F0CD-4DB0-934E-207DC0438F9C}"
EndProject
Project("{FAE04EC0-301F-11D3-BF4B-00C04F79EFBC}") = "api_itexpert_task1.DAL", "api_itexpert_task1.DAL\api_itexpert_task1.DAL.csproj", "{D8169706-4319-4001-A6F3-27E5438557F2}"
EndProject
Project("{FAE04EC0-301F-11D3-BF4B-00C04F79EFBC}") = "api_itexpert_task1.Interfaces", "api_itexpert_task1.Interfaces\api_itexpert_task1.Interfaces.csproj", "{A6022038-A86D-446D-9493-CDECF45F3B0F}"
EndProject
Global
	GlobalSection(SolutionConfigurationPlatforms) = preSolution
		Debug|Any CPU = Debug|Any CPU
		Release|Any CPU = Release|Any CPU
	EndGlobalSection
	GlobalSection(ProjectConfigurationPlatforms) = postSolution
		{7CFF6501-F0CD-4DB0-934E-207DC0438F9C}.Debug|Any CPU.ActiveCfg = Debug|Any CPU
		{7CFF6501-F0CD-4DB0-934E-207DC0438F9C}.Debug|Any CPU.Build.0 = Debug|Any CPU
		{7CFF6501-F0CD-4DB0-934E-207DC0438F9C}.Release|Any CPU.ActiveCfg = Release|Any CPU
		{7CFF6501-F0CD-4DB0-934E-207DC0438F9C}.Release|Any CPU.Build.0 = Release|Any CPU
		{D8169706-4319-4001-A6F3-27E5438557F2}.Debug|Any CPU.ActiveCfg = Debug|Any CPU
		{D8169706-4319-4001-A6F3-27E5438557F2}.Debug|Any CPU.Build.0 = Debug|Any CPU
		{D8169706-4319-4001-A6F3-27E5438557F2}.Release|Any CPU.ActiveCfg = Release|Any CPU
		{D8169706-4319-4001-A6F3-27E5438557F2}.Release|Any CPU.Build.0 = Release|Any CPU
		{A6022038-A86D-446D-9493-CDECF45F3B0F}.Debug|Any CPU.ActiveCfg = Debug|Any CPU
		{A6022038-A86D-446D-9493-CDECF45F3B0F}.Debug|Any CPU.Build.0 = Debug|Any CPU
		{A6022038-A86D-446D-9493-CDECF45F3B0F}.Release|Any CPU.ActiveCfg = Release|Any CPU
		{A6022038-A86D-446D-9493-CDECF45F3B0F}.Release|Any CPU.Build.0 = Release|Any CPU
	EndGlobalSection
	GlobalSection(SolutionProperties) = preSolution
		HideSolutionNode = FALSE
	EndGlobalSection
	GlobalSection(ExtensibilityGlobals) = postSolution
		SolutionGuid = {CB1149B5-D66D-410F-9AC7-EEC8AE3F8EFC}
	EndGlobalSection
EndGlobal
